
Microsoft Visual Studio Solution File, Format Version 12.00
# Visual Studio Version 16
VisualStudioVersion = 16.0.29230.61
MinimumVisualStudioVersion = 10.0.40219.1
Project("{9A19103F-16F7-4668-BE54-9A1E7A4F7556}") = "SDL2_dotnet", "src\SDL2_dotnet\SDL2_dotnet.csproj", "{DB8B07B4-9F80-4FEE-A4FE-A3D0A99FD04A}"
EndProject
Project("{2150E333-8FDC-42A3-9474-1A3956D46DE8}") = "Tests", "Tests", "{3E885FAC-C46B-4615-A565-69C15840C104}"
EndProject
Project("{9A19103F-16F7-4668-BE54-9A1E7A4F7556}") = "FunctionalTests", "tests\FunctionalTests\FunctionalTests.csproj", "{9B98FCD8-272B-4720-B603-9F8B187F02AE}"
EndProject
Project("{9A19103F-16F7-4668-BE54-9A1E7A4F7556}") = "UnitTests", "tests\UnitTests\UnitTests.csproj", "{82C6D6BC-911E-43A3-924C-EE8A80D2A976}"
EndProject
Project("{2150E333-8FDC-42A3-9474-1A3956D46DE8}") = "Examples", "Examples", "{CB4A019E-2CCD-4867-A947-3EBD3739630E}"
EndProject
Project("{9A19103F-16F7-4668-BE54-9A1E7A4F7556}") = "01_Hello_SDL", "examples\01_Hello_SDL\01_Hello_SDL.csproj", "{6F724054-C516-40B1-BD3D-16D33FA309FD}"
EndProject
Project("{2150E333-8FDC-42A3-9474-1A3956D46DE8}") = "_Project Files", "_Project Files", "{68C03804-3DBD-4B18-891E-3B766499A0FF}"
	ProjectSection(SolutionItems) = preProject
		.gitattributes = .gitattributes
		.gitignore = .gitignore
		CODE_OF_CONDUCT.md = CODE_OF_CONDUCT.md
		CONTRIBUTING.md = CONTRIBUTING.md
		LICENSE.md = LICENSE.md
		README.md = README.md
		SDL2_dotnet.vsext = SDL2_dotnet.vsext
	EndProjectSection
EndProject
Project("{2150E333-8FDC-42A3-9474-1A3956D46DE8}") = ".github", ".github", "{38E46E50-E55A-46EC-A8F9-07281790FF5D}"
EndProject
Project("{2150E333-8FDC-42A3-9474-1A3956D46DE8}") = "ISSUE_TEMPLATE", "ISSUE_TEMPLATE", "{1DB38946-ABA3-439B-A342-14EC1BA2613D}"
	ProjectSection(SolutionItems) = preProject
		.github\ISSUE_TEMPLATE\bug_report.md = .github\ISSUE_TEMPLATE\bug_report.md
		.github\ISSUE_TEMPLATE\feature_request.md = .github\ISSUE_TEMPLATE\feature_request.md
	EndProjectSection
EndProject
Project("{2150E333-8FDC-42A3-9474-1A3956D46DE8}") = "PULL_REQUEST_TEMPLATE", "PULL_REQUEST_TEMPLATE", "{C499C87E-A91E-4A8E-95A6-8F90D942E055}"
	ProjectSection(SolutionItems) = preProject
		.github\PULL_REQUEST_TEMPLATE\pull_request_template.md = .github\PULL_REQUEST_TEMPLATE\pull_request_template.md
	EndProjectSection
EndProject
Global
	GlobalSection(SolutionConfigurationPlatforms) = preSolution
		Debug|Any CPU = Debug|Any CPU
		Release|Any CPU = Release|Any CPU
	EndGlobalSection
	GlobalSection(ProjectConfigurationPlatforms) = postSolution
		{DB8B07B4-9F80-4FEE-A4FE-A3D0A99FD04A}.Debug|Any CPU.ActiveCfg = Debug|Any CPU
		{DB8B07B4-9F80-4FEE-A4FE-A3D0A99FD04A}.Debug|Any CPU.Build.0 = Debug|Any CPU
		{DB8B07B4-9F80-4FEE-A4FE-A3D0A99FD04A}.Release|Any CPU.ActiveCfg = Release|Any CPU
		{DB8B07B4-9F80-4FEE-A4FE-A3D0A99FD04A}.Release|Any CPU.Build.0 = Release|Any CPU
		{9B98FCD8-272B-4720-B603-9F8B187F02AE}.Debug|Any CPU.ActiveCfg = Debug|Any CPU
		{9B98FCD8-272B-4720-B603-9F8B187F02AE}.Debug|Any CPU.Build.0 = Debug|Any CPU
		{9B98FCD8-272B-4720-B603-9F8B187F02AE}.Release|Any CPU.ActiveCfg = Release|Any CPU
		{9B98FCD8-272B-4720-B603-9F8B187F02AE}.Release|Any CPU.Build.0 = Release|Any CPU
		{82C6D6BC-911E-43A3-924C-EE8A80D2A976}.Debug|Any CPU.ActiveCfg = Debug|Any CPU
		{82C6D6BC-911E-43A3-924C-EE8A80D2A976}.Debug|Any CPU.Build.0 = Debug|Any CPU
		{82C6D6BC-911E-43A3-924C-EE8A80D2A976}.Release|Any CPU.ActiveCfg = Release|Any CPU
		{82C6D6BC-911E-43A3-924C-EE8A80D2A976}.Release|Any CPU.Build.0 = Release|Any CPU
		{6F724054-C516-40B1-BD3D-16D33FA309FD}.Debug|Any CPU.ActiveCfg = Debug|Any CPU
		{6F724054-C516-40B1-BD3D-16D33FA309FD}.Debug|Any CPU.Build.0 = Debug|Any CPU
		{6F724054-C516-40B1-BD3D-16D33FA309FD}.Release|Any CPU.ActiveCfg = Release|Any CPU
		{6F724054-C516-40B1-BD3D-16D33FA309FD}.Release|Any CPU.Build.0 = Release|Any CPU
	EndGlobalSection
	GlobalSection(SolutionProperties) = preSolution
		HideSolutionNode = FALSE
	EndGlobalSection
	GlobalSection(NestedProjects) = preSolution
		{9B98FCD8-272B-4720-B603-9F8B187F02AE} = {3E885FAC-C46B-4615-A565-69C15840C104}
		{82C6D6BC-911E-43A3-924C-EE8A80D2A976} = {3E885FAC-C46B-4615-A565-69C15840C104}
		{6F724054-C516-40B1-BD3D-16D33FA309FD} = {CB4A019E-2CCD-4867-A947-3EBD3739630E}
		{38E46E50-E55A-46EC-A8F9-07281790FF5D} = {68C03804-3DBD-4B18-891E-3B766499A0FF}
		{1DB38946-ABA3-439B-A342-14EC1BA2613D} = {38E46E50-E55A-46EC-A8F9-07281790FF5D}
		{C499C87E-A91E-4A8E-95A6-8F90D942E055} = {38E46E50-E55A-46EC-A8F9-07281790FF5D}
	EndGlobalSection
	GlobalSection(ExtensibilityGlobals) = postSolution
		SolutionGuid = {B187C854-3F48-458F-A963-7B3BA11229B7}
	EndGlobalSection
EndGlobal
